
Microsoft Visual Studio Solution File, Format Version 12.00
# Visual Studio Version 16
VisualStudioVersion = 16.0.29806.167
MinimumVisualStudioVersion = 10.0.40219.1
Project("{FAE04EC0-301F-11D3-BF4B-00C04F79EFBC}") = "Furniture", "Furniture\Furniture.csproj", "{6DC16ADA-FE38-4A76-B300-D62A87525A33}"
EndProject
Project("{FAE04EC0-301F-11D3-BF4B-00C04F79EFBC}") = "Race", "Race\Race.csproj", "{56A18DA5-9E60-43A4-9416-42208284202B}"
EndProject
Project("{FAE04EC0-301F-11D3-BF4B-00C04F79EFBC}") = "Bar Income", "Bar Income\Bar Income.csproj", "{1FDDFB99-9031-4C98-9916-3111DD970AA3}"
EndProject
Global
	GlobalSection(SolutionConfigurationPlatforms) = preSolution
		Debug|Any CPU = Debug|Any CPU
		Release|Any CPU = Release|Any CPU
	EndGlobalSection
	GlobalSection(ProjectConfigurationPlatforms) = postSolution
		{6DC16ADA-FE38-4A76-B300-D62A87525A33}.Debug|Any CPU.ActiveCfg = Debug|Any CPU
		{6DC16ADA-FE38-4A76-B300-D62A87525A33}.Debug|Any CPU.Build.0 = Debug|Any CPU
		{6DC16ADA-FE38-4A76-B300-D62A87525A33}.Release|Any CPU.ActiveCfg = Release|Any CPU
		{6DC16ADA-FE38-4A76-B300-D62A87525A33}.Release|Any CPU.Build.0 = Release|Any CPU
		{56A18DA5-9E60-43A4-9416-42208284202B}.Debug|Any CPU.ActiveCfg = Debug|Any CPU
		{56A18DA5-9E60-43A4-9416-42208284202B}.Debug|Any CPU.Build.0 = Debug|Any CPU
		{56A18DA5-9E60-43A4-9416-42208284202B}.Release|Any CPU.ActiveCfg = Release|Any CPU
		{56A18DA5-9E60-43A4-9416-42208284202B}.Release|Any CPU.Build.0 = Release|Any CPU
		{1FDDFB99-9031-4C98-9916-3111DD970AA3}.Debug|Any CPU.ActiveCfg = Debug|Any CPU
		{1FDDFB99-9031-4C98-9916-3111DD970AA3}.Debug|Any CPU.Build.0 = Debug|Any CPU
		{1FDDFB99-9031-4C98-9916-3111DD970AA3}.Release|Any CPU.ActiveCfg = Release|Any CPU
		{1FDDFB99-9031-4C98-9916-3111DD970AA3}.Release|Any CPU.Build.0 = Release|Any CPU
	EndGlobalSection
	GlobalSection(SolutionProperties) = preSolution
		HideSolutionNode = FALSE
	EndGlobalSection
	GlobalSection(ExtensibilityGlobals) = postSolution
		SolutionGuid = {1BD855CD-92D9-46EE-A330-FB52AD893508}
	EndGlobalSection
EndGlobal
