
Microsoft Visual Studio Solution File, Format Version 12.00
# Visual Studio Version 16
VisualStudioVersion = 16.0.29411.108
MinimumVisualStudioVersion = 10.0.40219.1
Project("{9A19103F-16F7-4668-BE54-9A1E7A4F7556}") = "Data", "examples\Data.csproj", "{B9211584-BFE0-489E-97F7-4ED214AC95CA}"
EndProject
Project("{9A19103F-16F7-4668-BE54-9A1E7A4F7556}") = "area", "area\area.csproj", "{B9BC4031-2CE8-4114-AFCB-85E980A10A4F}"
EndProject
Project("{9A19103F-16F7-4668-BE54-9A1E7A4F7556}") = "exercises", "exercises\exercises.csproj", "{82A95D3E-A256-4560-BAB9-95C6BD8697CE}"
EndProject
Project("{9A19103F-16F7-4668-BE54-9A1E7A4F7556}") = "probi", "probi\probi.csproj", "{29456DB3-96B5-47FD-9C2C-C96744026BC0}"
EndProject
Project("{FAE04EC0-301F-11D3-BF4B-00C04F79EFBC}") = "Contitional stations", "Contitional stations\Contitional stations.csproj", "{FFD46829-E297-4022-AA56-638E97E7D440}"
EndProject
Global
	GlobalSection(SolutionConfigurationPlatforms) = preSolution
		Debug|Any CPU = Debug|Any CPU
		Release|Any CPU = Release|Any CPU
	EndGlobalSection
	GlobalSection(ProjectConfigurationPlatforms) = postSolution
		{B9211584-BFE0-489E-97F7-4ED214AC95CA}.Debug|Any CPU.ActiveCfg = Debug|Any CPU
		{B9211584-BFE0-489E-97F7-4ED214AC95CA}.Debug|Any CPU.Build.0 = Debug|Any CPU
		{B9211584-BFE0-489E-97F7-4ED214AC95CA}.Release|Any CPU.ActiveCfg = Release|Any CPU
		{B9211584-BFE0-489E-97F7-4ED214AC95CA}.Release|Any CPU.Build.0 = Release|Any CPU
		{B9BC4031-2CE8-4114-AFCB-85E980A10A4F}.Debug|Any CPU.ActiveCfg = Debug|Any CPU
		{B9BC4031-2CE8-4114-AFCB-85E980A10A4F}.Debug|Any CPU.Build.0 = Debug|Any CPU
		{B9BC4031-2CE8-4114-AFCB-85E980A10A4F}.Release|Any CPU.ActiveCfg = Release|Any CPU
		{B9BC4031-2CE8-4114-AFCB-85E980A10A4F}.Release|Any CPU.Build.0 = Release|Any CPU
		{82A95D3E-A256-4560-BAB9-95C6BD8697CE}.Debug|Any CPU.ActiveCfg = Debug|Any CPU
		{82A95D3E-A256-4560-BAB9-95C6BD8697CE}.Debug|Any CPU.Build.0 = Debug|Any CPU
		{82A95D3E-A256-4560-BAB9-95C6BD8697CE}.Release|Any CPU.ActiveCfg = Release|Any CPU
		{82A95D3E-A256-4560-BAB9-95C6BD8697CE}.Release|Any CPU.Build.0 = Release|Any CPU
		{29456DB3-96B5-47FD-9C2C-C96744026BC0}.Debug|Any CPU.ActiveCfg = Debug|Any CPU
		{29456DB3-96B5-47FD-9C2C-C96744026BC0}.Debug|Any CPU.Build.0 = Debug|Any CPU
		{29456DB3-96B5-47FD-9C2C-C96744026BC0}.Release|Any CPU.ActiveCfg = Release|Any CPU
		{29456DB3-96B5-47FD-9C2C-C96744026BC0}.Release|Any CPU.Build.0 = Release|Any CPU
		{FFD46829-E297-4022-AA56-638E97E7D440}.Debug|Any CPU.ActiveCfg = Debug|Any CPU
		{FFD46829-E297-4022-AA56-638E97E7D440}.Debug|Any CPU.Build.0 = Debug|Any CPU
		{FFD46829-E297-4022-AA56-638E97E7D440}.Release|Any CPU.ActiveCfg = Release|Any CPU
		{FFD46829-E297-4022-AA56-638E97E7D440}.Release|Any CPU.Build.0 = Release|Any CPU
	EndGlobalSection
	GlobalSection(SolutionProperties) = preSolution
		HideSolutionNode = FALSE
	EndGlobalSection
	GlobalSection(ExtensibilityGlobals) = postSolution
		SolutionGuid = {7FFA7E8D-5E1B-4A9E-88A2-53EEAA149F21}
	EndGlobalSection
EndGlobal
