
Microsoft Visual Studio Solution File, Format Version 12.00
# Visual Studio Version 16
VisualStudioVersion = 16.0.29728.190
MinimumVisualStudioVersion = 10.0.40219.1
Project("{FAE04EC0-301F-11D3-BF4B-00C04F79EFBC}") = "Arrays", "Arrays\Arrays.csproj", "{383A7D36-AA3A-4925-95BA-7AC8D55CCE56}"
EndProject
Project("{FAE04EC0-301F-11D3-BF4B-00C04F79EFBC}") = "NumbersInReversOrder", "NumbersInReversOrder\NumbersInReversOrder.csproj", "{499AC01B-45A6-4B5F-9562-113348781FB8}"
EndProject
Global
	GlobalSection(SolutionConfigurationPlatforms) = preSolution
		Debug|Any CPU = Debug|Any CPU
		Release|Any CPU = Release|Any CPU
	EndGlobalSection
	GlobalSection(ProjectConfigurationPlatforms) = postSolution
		{383A7D36-AA3A-4925-95BA-7AC8D55CCE56}.Debug|Any CPU.ActiveCfg = Debug|Any CPU
		{383A7D36-AA3A-4925-95BA-7AC8D55CCE56}.Debug|Any CPU.Build.0 = Debug|Any CPU
		{383A7D36-AA3A-4925-95BA-7AC8D55CCE56}.Release|Any CPU.ActiveCfg = Release|Any CPU
		{383A7D36-AA3A-4925-95BA-7AC8D55CCE56}.Release|Any CPU.Build.0 = Release|Any CPU
		{499AC01B-45A6-4B5F-9562-113348781FB8}.Debug|Any CPU.ActiveCfg = Debug|Any CPU
		{499AC01B-45A6-4B5F-9562-113348781FB8}.Debug|Any CPU.Build.0 = Debug|Any CPU
		{499AC01B-45A6-4B5F-9562-113348781FB8}.Release|Any CPU.ActiveCfg = Release|Any CPU
		{499AC01B-45A6-4B5F-9562-113348781FB8}.Release|Any CPU.Build.0 = Release|Any CPU
	EndGlobalSection
	GlobalSection(SolutionProperties) = preSolution
		HideSolutionNode = FALSE
	EndGlobalSection
	GlobalSection(ExtensibilityGlobals) = postSolution
		SolutionGuid = {751A28CA-BD60-47CF-A982-632CAA090366}
	EndGlobalSection
EndGlobal
