
Microsoft Visual Studio Solution File, Format Version 12.00
# Visual Studio Version 16
VisualStudioVersion = 16.0.29806.167
MinimumVisualStudioVersion = 10.0.40219.1
Project("{9A19103F-16F7-4668-BE54-9A1E7A4F7556}") = "Associative Arrays", "Associative Arrays\Associative Arrays.csproj", "{CA8347F2-C21F-4475-AE9C-AE08520C49F9}"
EndProject
Project("{9A19103F-16F7-4668-BE54-9A1E7A4F7556}") = "A Miner Task", "A Miner Task\A Miner Task.csproj", "{6ABF9B8E-8024-4D9E-A26B-8A413E9FCAA0}"
EndProject
Project("{9A19103F-16F7-4668-BE54-9A1E7A4F7556}") = "Legendary Farming", "Legendary Farming\Legendary Farming.csproj", "{DDD061A9-F092-4CEB-96B5-57C35005462E}"
EndProject
Project("{9A19103F-16F7-4668-BE54-9A1E7A4F7556}") = "Orders", "Orders\Orders.csproj", "{82ED5305-BCC8-494A-9CD3-FF481BCAD451}"
EndProject
Project("{9A19103F-16F7-4668-BE54-9A1E7A4F7556}") = "SoftUni parking", "SoftUni parking\SoftUni parking.csproj", "{8E237BE1-F0F1-43AF-8EF6-02068A61DA38}"
EndProject
Project("{9A19103F-16F7-4668-BE54-9A1E7A4F7556}") = "Courses", "Courses\Courses.csproj", "{14896CA3-E64F-4BAC-B5BD-30ABBCEA6FD2}"
EndProject
Project("{9A19103F-16F7-4668-BE54-9A1E7A4F7556}") = "Student Academy", "Student Academy\Student Academy.csproj", "{079BD107-E097-49DF-8712-832CD381A4E6}"
EndProject
Project("{FAE04EC0-301F-11D3-BF4B-00C04F79EFBC}") = "Users", "Users\Users.csproj", "{75E0A70C-D1A5-48D3-9093-73B125FF00FE}"
EndProject
Global
	GlobalSection(SolutionConfigurationPlatforms) = preSolution
		Debug|Any CPU = Debug|Any CPU
		Release|Any CPU = Release|Any CPU
	EndGlobalSection
	GlobalSection(ProjectConfigurationPlatforms) = postSolution
		{CA8347F2-C21F-4475-AE9C-AE08520C49F9}.Debug|Any CPU.ActiveCfg = Debug|Any CPU
		{CA8347F2-C21F-4475-AE9C-AE08520C49F9}.Debug|Any CPU.Build.0 = Debug|Any CPU
		{CA8347F2-C21F-4475-AE9C-AE08520C49F9}.Release|Any CPU.ActiveCfg = Release|Any CPU
		{CA8347F2-C21F-4475-AE9C-AE08520C49F9}.Release|Any CPU.Build.0 = Release|Any CPU
		{6ABF9B8E-8024-4D9E-A26B-8A413E9FCAA0}.Debug|Any CPU.ActiveCfg = Debug|Any CPU
		{6ABF9B8E-8024-4D9E-A26B-8A413E9FCAA0}.Debug|Any CPU.Build.0 = Debug|Any CPU
		{6ABF9B8E-8024-4D9E-A26B-8A413E9FCAA0}.Release|Any CPU.ActiveCfg = Release|Any CPU
		{6ABF9B8E-8024-4D9E-A26B-8A413E9FCAA0}.Release|Any CPU.Build.0 = Release|Any CPU
		{DDD061A9-F092-4CEB-96B5-57C35005462E}.Debug|Any CPU.ActiveCfg = Debug|Any CPU
		{DDD061A9-F092-4CEB-96B5-57C35005462E}.Debug|Any CPU.Build.0 = Debug|Any CPU
		{DDD061A9-F092-4CEB-96B5-57C35005462E}.Release|Any CPU.ActiveCfg = Release|Any CPU
		{DDD061A9-F092-4CEB-96B5-57C35005462E}.Release|Any CPU.Build.0 = Release|Any CPU
		{82ED5305-BCC8-494A-9CD3-FF481BCAD451}.Debug|Any CPU.ActiveCfg = Debug|Any CPU
		{82ED5305-BCC8-494A-9CD3-FF481BCAD451}.Debug|Any CPU.Build.0 = Debug|Any CPU
		{82ED5305-BCC8-494A-9CD3-FF481BCAD451}.Release|Any CPU.ActiveCfg = Release|Any CPU
		{82ED5305-BCC8-494A-9CD3-FF481BCAD451}.Release|Any CPU.Build.0 = Release|Any CPU
		{8E237BE1-F0F1-43AF-8EF6-02068A61DA38}.Debug|Any CPU.ActiveCfg = Debug|Any CPU
		{8E237BE1-F0F1-43AF-8EF6-02068A61DA38}.Debug|Any CPU.Build.0 = Debug|Any CPU
		{8E237BE1-F0F1-43AF-8EF6-02068A61DA38}.Release|Any CPU.ActiveCfg = Release|Any CPU
		{8E237BE1-F0F1-43AF-8EF6-02068A61DA38}.Release|Any CPU.Build.0 = Release|Any CPU
		{14896CA3-E64F-4BAC-B5BD-30ABBCEA6FD2}.Debug|Any CPU.ActiveCfg = Debug|Any CPU
		{14896CA3-E64F-4BAC-B5BD-30ABBCEA6FD2}.Debug|Any CPU.Build.0 = Debug|Any CPU
		{14896CA3-E64F-4BAC-B5BD-30ABBCEA6FD2}.Release|Any CPU.ActiveCfg = Release|Any CPU
		{14896CA3-E64F-4BAC-B5BD-30ABBCEA6FD2}.Release|Any CPU.Build.0 = Release|Any CPU
		{079BD107-E097-49DF-8712-832CD381A4E6}.Debug|Any CPU.ActiveCfg = Debug|Any CPU
		{079BD107-E097-49DF-8712-832CD381A4E6}.Debug|Any CPU.Build.0 = Debug|Any CPU
		{079BD107-E097-49DF-8712-832CD381A4E6}.Release|Any CPU.ActiveCfg = Release|Any CPU
		{079BD107-E097-49DF-8712-832CD381A4E6}.Release|Any CPU.Build.0 = Release|Any CPU
		{75E0A70C-D1A5-48D3-9093-73B125FF00FE}.Debug|Any CPU.ActiveCfg = Debug|Any CPU
		{75E0A70C-D1A5-48D3-9093-73B125FF00FE}.Debug|Any CPU.Build.0 = Debug|Any CPU
		{75E0A70C-D1A5-48D3-9093-73B125FF00FE}.Release|Any CPU.ActiveCfg = Release|Any CPU
		{75E0A70C-D1A5-48D3-9093-73B125FF00FE}.Release|Any CPU.Build.0 = Release|Any CPU
	EndGlobalSection
	GlobalSection(SolutionProperties) = preSolution
		HideSolutionNode = FALSE
	EndGlobalSection
	GlobalSection(ExtensibilityGlobals) = postSolution
		SolutionGuid = {0F3233A6-0867-4055-9B07-7BF71CC8ACC1}
	EndGlobalSection
EndGlobal
