
Microsoft Visual Studio Solution File, Format Version 12.00
# Visual Studio Version 16
VisualStudioVersion = 16.0.29411.108
MinimumVisualStudioVersion = 10.0.40219.1
Project("{FAE04EC0-301F-11D3-BF4B-00C04F79EFBC}") = "Programm 1 Test", "Programm 1 Test\Programm 1 Test.csproj", "{70410D49-BA6D-44B2-AB51-7401765D2085}"
EndProject
Global
	GlobalSection(SolutionConfigurationPlatforms) = preSolution
		Debug|Any CPU = Debug|Any CPU
		Release|Any CPU = Release|Any CPU
	EndGlobalSection
	GlobalSection(ProjectConfigurationPlatforms) = postSolution
		{70410D49-BA6D-44B2-AB51-7401765D2085}.Debug|Any CPU.ActiveCfg = Debug|Any CPU
		{70410D49-BA6D-44B2-AB51-7401765D2085}.Debug|Any CPU.Build.0 = Debug|Any CPU
		{70410D49-BA6D-44B2-AB51-7401765D2085}.Release|Any CPU.ActiveCfg = Release|Any CPU
		{70410D49-BA6D-44B2-AB51-7401765D2085}.Release|Any CPU.Build.0 = Release|Any CPU
	EndGlobalSection
	GlobalSection(SolutionProperties) = preSolution
		HideSolutionNode = FALSE
	EndGlobalSection
	GlobalSection(ExtensibilityGlobals) = postSolution
		SolutionGuid = {227182C8-CD12-422A-AD7E-19079A26EFD2}
	EndGlobalSection
EndGlobal
