
Microsoft Visual Studio Solution File, Format Version 12.00
# Visual Studio Version 16
VisualStudioVersion = 16.0.29411.108
MinimumVisualStudioVersion = 10.0.40219.1
Project("{FAE04EC0-301F-11D3-BF4B-00C04F79EFBC}") = "Programa 1 Test", "Programa 1 Test\Programa 1 Test.csproj", "{E494AC75-E823-4BD5-A790-44512A200DE0}"
EndProject
Global
	GlobalSection(SolutionConfigurationPlatforms) = preSolution
		Debug|Any CPU = Debug|Any CPU
		Release|Any CPU = Release|Any CPU
	EndGlobalSection
	GlobalSection(ProjectConfigurationPlatforms) = postSolution
		{E494AC75-E823-4BD5-A790-44512A200DE0}.Debug|Any CPU.ActiveCfg = Debug|Any CPU
		{E494AC75-E823-4BD5-A790-44512A200DE0}.Debug|Any CPU.Build.0 = Debug|Any CPU
		{E494AC75-E823-4BD5-A790-44512A200DE0}.Release|Any CPU.ActiveCfg = Release|Any CPU
		{E494AC75-E823-4BD5-A790-44512A200DE0}.Release|Any CPU.Build.0 = Release|Any CPU
	EndGlobalSection
	GlobalSection(SolutionProperties) = preSolution
		HideSolutionNode = FALSE
	EndGlobalSection
	GlobalSection(ExtensibilityGlobals) = postSolution
		SolutionGuid = {1C8DC585-F656-4BA8-9093-E2BF229ED161}
	EndGlobalSection
EndGlobal
