
Microsoft Visual Studio Solution File, Format Version 12.00
# Visual Studio Version 16
VisualStudioVersion = 16.0.29806.167
MinimumVisualStudioVersion = 10.0.40219.1
Project("{FAE04EC0-301F-11D3-BF4B-00C04F79EFBC}") = "Valid Username", "Valid Username\Valid Username.csproj", "{683C53DE-A892-48AA-B489-215CA07EDC03}"
EndProject
Global
	GlobalSection(SolutionConfigurationPlatforms) = preSolution
		Debug|Any CPU = Debug|Any CPU
		Release|Any CPU = Release|Any CPU
	EndGlobalSection
	GlobalSection(ProjectConfigurationPlatforms) = postSolution
		{683C53DE-A892-48AA-B489-215CA07EDC03}.Debug|Any CPU.ActiveCfg = Debug|Any CPU
		{683C53DE-A892-48AA-B489-215CA07EDC03}.Debug|Any CPU.Build.0 = Debug|Any CPU
		{683C53DE-A892-48AA-B489-215CA07EDC03}.Release|Any CPU.ActiveCfg = Release|Any CPU
		{683C53DE-A892-48AA-B489-215CA07EDC03}.Release|Any CPU.Build.0 = Release|Any CPU
	EndGlobalSection
	GlobalSection(SolutionProperties) = preSolution
		HideSolutionNode = FALSE
	EndGlobalSection
	GlobalSection(ExtensibilityGlobals) = postSolution
		SolutionGuid = {09F63D45-28DA-45CE-BF84-9CC918D61217}
	EndGlobalSection
EndGlobal
