
Microsoft Visual Studio Solution File, Format Version 12.00
# Visual Studio Version 16
VisualStudioVersion = 16.0.29609.76
MinimumVisualStudioVersion = 10.0.40219.1
Project("{FAE04EC0-301F-11D3-BF4B-00C04F79EFBC}") = "Fundamentals", "Fundamentals\Fundamentals.csproj", "{9FE8194A-8AA0-471D-8C3B-BE27A0905942}"
EndProject
Project("{FAE04EC0-301F-11D3-BF4B-00C04F79EFBC}") = "Passed", "Passed\Passed.csproj", "{2E7E9E05-B252-42D3-A8C8-72E6C3CFF27C}"
EndProject
Project("{FAE04EC0-301F-11D3-BF4B-00C04F79EFBC}") = "Back In 30 min", "Back In 30 min\Back In 30 min.csproj", "{666F7FAB-1AF2-4EF5-BFA9-B74240B065C5}"
EndProject
Project("{FAE04EC0-301F-11D3-BF4B-00C04F79EFBC}") = "Month Printer", "Month Printer\Month Printer.csproj", "{32EC77B7-1387-4351-81D6-07305E440C33}"
EndProject
Project("{FAE04EC0-301F-11D3-BF4B-00C04F79EFBC}") = "Foreign Languages", "Foreign Languages\Foreign Languages.csproj", "{1774AE06-39B2-4174-9180-5378EEF874F0}"
EndProject
Global
	GlobalSection(SolutionConfigurationPlatforms) = preSolution
		Debug|Any CPU = Debug|Any CPU
		Release|Any CPU = Release|Any CPU
	EndGlobalSection
	GlobalSection(ProjectConfigurationPlatforms) = postSolution
		{9FE8194A-8AA0-471D-8C3B-BE27A0905942}.Debug|Any CPU.ActiveCfg = Debug|Any CPU
		{9FE8194A-8AA0-471D-8C3B-BE27A0905942}.Debug|Any CPU.Build.0 = Debug|Any CPU
		{9FE8194A-8AA0-471D-8C3B-BE27A0905942}.Release|Any CPU.ActiveCfg = Release|Any CPU
		{9FE8194A-8AA0-471D-8C3B-BE27A0905942}.Release|Any CPU.Build.0 = Release|Any CPU
		{2E7E9E05-B252-42D3-A8C8-72E6C3CFF27C}.Debug|Any CPU.ActiveCfg = Debug|Any CPU
		{2E7E9E05-B252-42D3-A8C8-72E6C3CFF27C}.Debug|Any CPU.Build.0 = Debug|Any CPU
		{2E7E9E05-B252-42D3-A8C8-72E6C3CFF27C}.Release|Any CPU.ActiveCfg = Release|Any CPU
		{2E7E9E05-B252-42D3-A8C8-72E6C3CFF27C}.Release|Any CPU.Build.0 = Release|Any CPU
		{666F7FAB-1AF2-4EF5-BFA9-B74240B065C5}.Debug|Any CPU.ActiveCfg = Debug|Any CPU
		{666F7FAB-1AF2-4EF5-BFA9-B74240B065C5}.Debug|Any CPU.Build.0 = Debug|Any CPU
		{666F7FAB-1AF2-4EF5-BFA9-B74240B065C5}.Release|Any CPU.ActiveCfg = Release|Any CPU
		{666F7FAB-1AF2-4EF5-BFA9-B74240B065C5}.Release|Any CPU.Build.0 = Release|Any CPU
		{32EC77B7-1387-4351-81D6-07305E440C33}.Debug|Any CPU.ActiveCfg = Debug|Any CPU
		{32EC77B7-1387-4351-81D6-07305E440C33}.Debug|Any CPU.Build.0 = Debug|Any CPU
		{32EC77B7-1387-4351-81D6-07305E440C33}.Release|Any CPU.ActiveCfg = Release|Any CPU
		{32EC77B7-1387-4351-81D6-07305E440C33}.Release|Any CPU.Build.0 = Release|Any CPU
		{1774AE06-39B2-4174-9180-5378EEF874F0}.Debug|Any CPU.ActiveCfg = Debug|Any CPU
		{1774AE06-39B2-4174-9180-5378EEF874F0}.Debug|Any CPU.Build.0 = Debug|Any CPU
		{1774AE06-39B2-4174-9180-5378EEF874F0}.Release|Any CPU.ActiveCfg = Release|Any CPU
		{1774AE06-39B2-4174-9180-5378EEF874F0}.Release|Any CPU.Build.0 = Release|Any CPU
	EndGlobalSection
	GlobalSection(SolutionProperties) = preSolution
		HideSolutionNode = FALSE
	EndGlobalSection
	GlobalSection(ExtensibilityGlobals) = postSolution
		SolutionGuid = {1DBB91A0-58AB-4550-B4BC-B7B7CE9CED3E}
	EndGlobalSection
EndGlobal
