
Microsoft Visual Studio Solution File, Format Version 12.00
# Visual Studio Version 16
VisualStudioVersion = 16.0.29609.76
MinimumVisualStudioVersion = 10.0.40219.1
Project("{9A19103F-16F7-4668-BE54-9A1E7A4F7556}") = "Sample Exam", "Sample Exam\Sample Exam.csproj", "{23E0F67C-E9DB-4043-B793-074104647DDE}"
EndProject
Project("{9A19103F-16F7-4668-BE54-9A1E7A4F7556}") = "Space Ship", "Space Ship\Space Ship.csproj", "{43A7712D-8AD4-47EA-9CB3-F6D2DE083C8A}"
EndProject
Project("{9A19103F-16F7-4668-BE54-9A1E7A4F7556}") = "SushiTIme", "SushiTIme\SushiTIme.csproj", "{95357045-392A-49A9-82F2-2BA3FA4F9F08}"
EndProject
Project("{FAE04EC0-301F-11D3-BF4B-00C04F79EFBC}") = "Bachelor Party", "Bachelor Party\Bachelor Party.csproj", "{DDB15A81-C664-4355-836E-040B5E406DF2}"
EndProject
Project("{FAE04EC0-301F-11D3-BF4B-00C04F79EFBC}") = "Bus", "Bus\Bus.csproj", "{7F966044-1E0D-4ABD-AC97-95EA69C10E55}"
EndProject
Project("{FAE04EC0-301F-11D3-BF4B-00C04F79EFBC}") = "Multiply Table", "Multiply Table\Multiply Table.csproj", "{6B1BBFCB-8340-4B2E-AB00-C33162281AB8}"
EndProject
Global
	GlobalSection(SolutionConfigurationPlatforms) = preSolution
		Debug|Any CPU = Debug|Any CPU
		Release|Any CPU = Release|Any CPU
	EndGlobalSection
	GlobalSection(ProjectConfigurationPlatforms) = postSolution
		{23E0F67C-E9DB-4043-B793-074104647DDE}.Debug|Any CPU.ActiveCfg = Debug|Any CPU
		{23E0F67C-E9DB-4043-B793-074104647DDE}.Debug|Any CPU.Build.0 = Debug|Any CPU
		{23E0F67C-E9DB-4043-B793-074104647DDE}.Release|Any CPU.ActiveCfg = Release|Any CPU
		{23E0F67C-E9DB-4043-B793-074104647DDE}.Release|Any CPU.Build.0 = Release|Any CPU
		{43A7712D-8AD4-47EA-9CB3-F6D2DE083C8A}.Debug|Any CPU.ActiveCfg = Debug|Any CPU
		{43A7712D-8AD4-47EA-9CB3-F6D2DE083C8A}.Debug|Any CPU.Build.0 = Debug|Any CPU
		{43A7712D-8AD4-47EA-9CB3-F6D2DE083C8A}.Release|Any CPU.ActiveCfg = Release|Any CPU
		{43A7712D-8AD4-47EA-9CB3-F6D2DE083C8A}.Release|Any CPU.Build.0 = Release|Any CPU
		{95357045-392A-49A9-82F2-2BA3FA4F9F08}.Debug|Any CPU.ActiveCfg = Debug|Any CPU
		{95357045-392A-49A9-82F2-2BA3FA4F9F08}.Debug|Any CPU.Build.0 = Debug|Any CPU
		{95357045-392A-49A9-82F2-2BA3FA4F9F08}.Release|Any CPU.ActiveCfg = Release|Any CPU
		{95357045-392A-49A9-82F2-2BA3FA4F9F08}.Release|Any CPU.Build.0 = Release|Any CPU
		{DDB15A81-C664-4355-836E-040B5E406DF2}.Debug|Any CPU.ActiveCfg = Debug|Any CPU
		{DDB15A81-C664-4355-836E-040B5E406DF2}.Debug|Any CPU.Build.0 = Debug|Any CPU
		{DDB15A81-C664-4355-836E-040B5E406DF2}.Release|Any CPU.ActiveCfg = Release|Any CPU
		{DDB15A81-C664-4355-836E-040B5E406DF2}.Release|Any CPU.Build.0 = Release|Any CPU
		{7F966044-1E0D-4ABD-AC97-95EA69C10E55}.Debug|Any CPU.ActiveCfg = Debug|Any CPU
		{7F966044-1E0D-4ABD-AC97-95EA69C10E55}.Debug|Any CPU.Build.0 = Debug|Any CPU
		{7F966044-1E0D-4ABD-AC97-95EA69C10E55}.Release|Any CPU.ActiveCfg = Release|Any CPU
		{7F966044-1E0D-4ABD-AC97-95EA69C10E55}.Release|Any CPU.Build.0 = Release|Any CPU
		{6B1BBFCB-8340-4B2E-AB00-C33162281AB8}.Debug|Any CPU.ActiveCfg = Debug|Any CPU
		{6B1BBFCB-8340-4B2E-AB00-C33162281AB8}.Debug|Any CPU.Build.0 = Debug|Any CPU
		{6B1BBFCB-8340-4B2E-AB00-C33162281AB8}.Release|Any CPU.ActiveCfg = Release|Any CPU
		{6B1BBFCB-8340-4B2E-AB00-C33162281AB8}.Release|Any CPU.Build.0 = Release|Any CPU
	EndGlobalSection
	GlobalSection(SolutionProperties) = preSolution
		HideSolutionNode = FALSE
	EndGlobalSection
	GlobalSection(ExtensibilityGlobals) = postSolution
		SolutionGuid = {8AD8BE49-CD41-4D55-9CE1-BE6A0F1866C6}
	EndGlobalSection
EndGlobal
